
Microsoft Visual Studio Solution File, Format Version 12.00
# Visual Studio 14
VisualStudioVersion = 14.0.25420.1
MinimumVisualStudioVersion = 10.0.40219.1
Project("{FAE04EC0-301F-11D3-BF4B-00C04F79EFBC}") = "GettingStarted", "GettingStarted\GettingStarted\GettingStarted.csproj", "{380F7076-7CAD-474B-881F-AD533CF7DFD1}"
EndProject
Project("{FAE04EC0-301F-11D3-BF4B-00C04F79EFBC}") = "GettingStarted.Droid", "GettingStarted\GettingStarted.Droid\GettingStarted.Droid.csproj", "{316C3BAE-4EC1-4B79-8C3B-F1DF36589123}"
EndProject
Project("{FAE04EC0-301F-11D3-BF4B-00C04F79EFBC}") = "GettingStarted.iOS", "GettingStarted\GettingStarted.iOS\GettingStarted.iOS.csproj", "{6BD0F92A-957F-48E8-90A7-F7FFBBEF9757}"
EndProject
Project("{FAE04EC0-301F-11D3-BF4B-00C04F79EFBC}") = "GettingStarted.UWP", "GettingStarted\GettingStarted.UWP\GettingStarted.UWP.csproj", "{82E199E1-F9A1-4481-8C4C-97B111C72251}"
EndProject
Global
	GlobalSection(SolutionConfigurationPlatforms) = preSolution
		Ad-Hoc|Any CPU = Ad-Hoc|Any CPU
		Ad-Hoc|ARM = Ad-Hoc|ARM
		Ad-Hoc|iPhone = Ad-Hoc|iPhone
		Ad-Hoc|iPhoneSimulator = Ad-Hoc|iPhoneSimulator
		Ad-Hoc|x64 = Ad-Hoc|x64
		Ad-Hoc|x86 = Ad-Hoc|x86
		AppStore|Any CPU = AppStore|Any CPU
		AppStore|ARM = AppStore|ARM
		AppStore|iPhone = AppStore|iPhone
		AppStore|iPhoneSimulator = AppStore|iPhoneSimulator
		AppStore|x64 = AppStore|x64
		AppStore|x86 = AppStore|x86
		Debug|Any CPU = Debug|Any CPU
		Debug|ARM = Debug|ARM
		Debug|iPhone = Debug|iPhone
		Debug|iPhoneSimulator = Debug|iPhoneSimulator
		Debug|x64 = Debug|x64
		Debug|x86 = Debug|x86
		Release|Any CPU = Release|Any CPU
		Release|ARM = Release|ARM
		Release|iPhone = Release|iPhone
		Release|iPhoneSimulator = Release|iPhoneSimulator
		Release|x64 = Release|x64
		Release|x86 = Release|x86
		Release-xml|Any CPU = Release-xml|Any CPU
		Release-xml|ARM = Release-xml|ARM
		Release-xml|iPhone = Release-xml|iPhone
		Release-xml|iPhoneSimulator = Release-xml|iPhoneSimulator
		Release-xml|x64 = Release-xml|x64
		Release-xml|x86 = Release-xml|x86
	EndGlobalSection
	GlobalSection(ProjectConfigurationPlatforms) = postSolution
		{380F7076-7CAD-474B-881F-AD533CF7DFD1}.Ad-Hoc|Any CPU.ActiveCfg = Release|Any CPU
		{380F7076-7CAD-474B-881F-AD533CF7DFD1}.Ad-Hoc|Any CPU.Build.0 = Release|Any CPU
		{380F7076-7CAD-474B-881F-AD533CF7DFD1}.Ad-Hoc|ARM.ActiveCfg = Release|Any CPU
		{380F7076-7CAD-474B-881F-AD533CF7DFD1}.Ad-Hoc|ARM.Build.0 = Release|Any CPU
		{380F7076-7CAD-474B-881F-AD533CF7DFD1}.Ad-Hoc|iPhone.ActiveCfg = Release|Any CPU
		{380F7076-7CAD-474B-881F-AD533CF7DFD1}.Ad-Hoc|iPhone.Build.0 = Release|Any CPU
		{380F7076-7CAD-474B-881F-AD533CF7DFD1}.Ad-Hoc|iPhoneSimulator.ActiveCfg = Release|Any CPU
		{380F7076-7CAD-474B-881F-AD533CF7DFD1}.Ad-Hoc|iPhoneSimulator.Build.0 = Release|Any CPU
		{380F7076-7CAD-474B-881F-AD533CF7DFD1}.Ad-Hoc|x64.ActiveCfg = Release|Any CPU
		{380F7076-7CAD-474B-881F-AD533CF7DFD1}.Ad-Hoc|x64.Build.0 = Release|Any CPU
		{380F7076-7CAD-474B-881F-AD533CF7DFD1}.Ad-Hoc|x86.ActiveCfg = Release|Any CPU
		{380F7076-7CAD-474B-881F-AD533CF7DFD1}.Ad-Hoc|x86.Build.0 = Release|Any CPU
		{380F7076-7CAD-474B-881F-AD533CF7DFD1}.AppStore|Any CPU.ActiveCfg = Release|Any CPU
		{380F7076-7CAD-474B-881F-AD533CF7DFD1}.AppStore|Any CPU.Build.0 = Release|Any CPU
		{380F7076-7CAD-474B-881F-AD533CF7DFD1}.AppStore|ARM.ActiveCfg = Release|Any CPU
		{380F7076-7CAD-474B-881F-AD533CF7DFD1}.AppStore|ARM.Build.0 = Release|Any CPU
		{380F7076-7CAD-474B-881F-AD533CF7DFD1}.AppStore|iPhone.ActiveCfg = Release|Any CPU
		{380F7076-7CAD-474B-881F-AD533CF7DFD1}.AppStore|iPhone.Build.0 = Release|Any CPU
		{380F7076-7CAD-474B-881F-AD533CF7DFD1}.AppStore|iPhoneSimulator.ActiveCfg = Release|Any CPU
		{380F7076-7CAD-474B-881F-AD533CF7DFD1}.AppStore|iPhoneSimulator.Build.0 = Release|Any CPU
		{380F7076-7CAD-474B-881F-AD533CF7DFD1}.AppStore|x64.ActiveCfg = Release|Any CPU
		{380F7076-7CAD-474B-881F-AD533CF7DFD1}.AppStore|x64.Build.0 = Release|Any CPU
		{380F7076-7CAD-474B-881F-AD533CF7DFD1}.AppStore|x86.ActiveCfg = Release|Any CPU
		{380F7076-7CAD-474B-881F-AD533CF7DFD1}.AppStore|x86.Build.0 = Release|Any CPU
		{380F7076-7CAD-474B-881F-AD533CF7DFD1}.Debug|Any CPU.ActiveCfg = Debug|Any CPU
		{380F7076-7CAD-474B-881F-AD533CF7DFD1}.Debug|Any CPU.Build.0 = Debug|Any CPU
		{380F7076-7CAD-474B-881F-AD533CF7DFD1}.Debug|ARM.ActiveCfg = Debug|Any CPU
		{380F7076-7CAD-474B-881F-AD533CF7DFD1}.Debug|ARM.Build.0 = Debug|Any CPU
		{380F7076-7CAD-474B-881F-AD533CF7DFD1}.Debug|iPhone.ActiveCfg = Debug|Any CPU
		{380F7076-7CAD-474B-881F-AD533CF7DFD1}.Debug|iPhone.Build.0 = Debug|Any CPU
		{380F7076-7CAD-474B-881F-AD533CF7DFD1}.Debug|iPhoneSimulator.ActiveCfg = Debug|Any CPU
		{380F7076-7CAD-474B-881F-AD533CF7DFD1}.Debug|iPhoneSimulator.Build.0 = Debug|Any CPU
		{380F7076-7CAD-474B-881F-AD533CF7DFD1}.Debug|x64.ActiveCfg = Debug|Any CPU
		{380F7076-7CAD-474B-881F-AD533CF7DFD1}.Debug|x64.Build.0 = Debug|Any CPU
		{380F7076-7CAD-474B-881F-AD533CF7DFD1}.Debug|x86.ActiveCfg = Debug|Any CPU
		{380F7076-7CAD-474B-881F-AD533CF7DFD1}.Debug|x86.Build.0 = Debug|Any CPU
		{380F7076-7CAD-474B-881F-AD533CF7DFD1}.Release|Any CPU.ActiveCfg = Release|Any CPU
		{380F7076-7CAD-474B-881F-AD533CF7DFD1}.Release|Any CPU.Build.0 = Release|Any CPU
		{380F7076-7CAD-474B-881F-AD533CF7DFD1}.Release|ARM.ActiveCfg = Release|Any CPU
		{380F7076-7CAD-474B-881F-AD533CF7DFD1}.Release|ARM.Build.0 = Release|Any CPU
		{380F7076-7CAD-474B-881F-AD533CF7DFD1}.Release|iPhone.ActiveCfg = Release|Any CPU
		{380F7076-7CAD-474B-881F-AD533CF7DFD1}.Release|iPhone.Build.0 = Release|Any CPU
		{380F7076-7CAD-474B-881F-AD533CF7DFD1}.Release|iPhoneSimulator.ActiveCfg = Release|Any CPU
		{380F7076-7CAD-474B-881F-AD533CF7DFD1}.Release|iPhoneSimulator.Build.0 = Release|Any CPU
		{380F7076-7CAD-474B-881F-AD533CF7DFD1}.Release|x64.ActiveCfg = Release|Any CPU
		{380F7076-7CAD-474B-881F-AD533CF7DFD1}.Release|x64.Build.0 = Release|Any CPU
		{380F7076-7CAD-474B-881F-AD533CF7DFD1}.Release|x86.ActiveCfg = Release|Any CPU
		{380F7076-7CAD-474B-881F-AD533CF7DFD1}.Release|x86.Build.0 = Release|Any CPU
		{380F7076-7CAD-474B-881F-AD533CF7DFD1}.Release-xml|Any CPU.ActiveCfg = Release|Any CPU
		{380F7076-7CAD-474B-881F-AD533CF7DFD1}.Release-xml|Any CPU.Build.0 = Release|Any CPU
		{380F7076-7CAD-474B-881F-AD533CF7DFD1}.Release-xml|ARM.ActiveCfg = Release|Any CPU
		{380F7076-7CAD-474B-881F-AD533CF7DFD1}.Release-xml|ARM.Build.0 = Release|Any CPU
		{380F7076-7CAD-474B-881F-AD533CF7DFD1}.Release-xml|iPhone.ActiveCfg = Release|Any CPU
		{380F7076-7CAD-474B-881F-AD533CF7DFD1}.Release-xml|iPhone.Build.0 = Release|Any CPU
		{380F7076-7CAD-474B-881F-AD533CF7DFD1}.Release-xml|iPhoneSimulator.ActiveCfg = Release|Any CPU
		{380F7076-7CAD-474B-881F-AD533CF7DFD1}.Release-xml|iPhoneSimulator.Build.0 = Release|Any CPU
		{380F7076-7CAD-474B-881F-AD533CF7DFD1}.Release-xml|x64.ActiveCfg = Release|Any CPU
		{380F7076-7CAD-474B-881F-AD533CF7DFD1}.Release-xml|x64.Build.0 = Release|Any CPU
		{380F7076-7CAD-474B-881F-AD533CF7DFD1}.Release-xml|x86.ActiveCfg = Release|Any CPU
		{380F7076-7CAD-474B-881F-AD533CF7DFD1}.Release-xml|x86.Build.0 = Release|Any CPU
		{316C3BAE-4EC1-4B79-8C3B-F1DF36589123}.Ad-Hoc|Any CPU.ActiveCfg = Release|Any CPU
		{316C3BAE-4EC1-4B79-8C3B-F1DF36589123}.Ad-Hoc|Any CPU.Build.0 = Release|Any CPU
		{316C3BAE-4EC1-4B79-8C3B-F1DF36589123}.Ad-Hoc|Any CPU.Deploy.0 = Release|Any CPU
		{316C3BAE-4EC1-4B79-8C3B-F1DF36589123}.Ad-Hoc|ARM.ActiveCfg = Release|Any CPU
		{316C3BAE-4EC1-4B79-8C3B-F1DF36589123}.Ad-Hoc|ARM.Build.0 = Release|Any CPU
		{316C3BAE-4EC1-4B79-8C3B-F1DF36589123}.Ad-Hoc|ARM.Deploy.0 = Release|Any CPU
		{316C3BAE-4EC1-4B79-8C3B-F1DF36589123}.Ad-Hoc|iPhone.ActiveCfg = Release|Any CPU
		{316C3BAE-4EC1-4B79-8C3B-F1DF36589123}.Ad-Hoc|iPhone.Build.0 = Release|Any CPU
		{316C3BAE-4EC1-4B79-8C3B-F1DF36589123}.Ad-Hoc|iPhone.Deploy.0 = Release|Any CPU
		{316C3BAE-4EC1-4B79-8C3B-F1DF36589123}.Ad-Hoc|iPhoneSimulator.ActiveCfg = Release|Any CPU
		{316C3BAE-4EC1-4B79-8C3B-F1DF36589123}.Ad-Hoc|iPhoneSimulator.Build.0 = Release|Any CPU
		{316C3BAE-4EC1-4B79-8C3B-F1DF36589123}.Ad-Hoc|iPhoneSimulator.Deploy.0 = Release|Any CPU
		{316C3BAE-4EC1-4B79-8C3B-F1DF36589123}.Ad-Hoc|x64.ActiveCfg = Release|Any CPU
		{316C3BAE-4EC1-4B79-8C3B-F1DF36589123}.Ad-Hoc|x64.Build.0 = Release|Any CPU
		{316C3BAE-4EC1-4B79-8C3B-F1DF36589123}.Ad-Hoc|x64.Deploy.0 = Release|Any CPU
		{316C3BAE-4EC1-4B79-8C3B-F1DF36589123}.Ad-Hoc|x86.ActiveCfg = Release|Any CPU
		{316C3BAE-4EC1-4B79-8C3B-F1DF36589123}.Ad-Hoc|x86.Build.0 = Release|Any CPU
		{316C3BAE-4EC1-4B79-8C3B-F1DF36589123}.Ad-Hoc|x86.Deploy.0 = Release|Any CPU
		{316C3BAE-4EC1-4B79-8C3B-F1DF36589123}.AppStore|Any CPU.ActiveCfg = Release|Any CPU
		{316C3BAE-4EC1-4B79-8C3B-F1DF36589123}.AppStore|Any CPU.Build.0 = Release|Any CPU
		{316C3BAE-4EC1-4B79-8C3B-F1DF36589123}.AppStore|Any CPU.Deploy.0 = Release|Any CPU
		{316C3BAE-4EC1-4B79-8C3B-F1DF36589123}.AppStore|ARM.ActiveCfg = Release|Any CPU
		{316C3BAE-4EC1-4B79-8C3B-F1DF36589123}.AppStore|ARM.Build.0 = Release|Any CPU
		{316C3BAE-4EC1-4B79-8C3B-F1DF36589123}.AppStore|ARM.Deploy.0 = Release|Any CPU
		{316C3BAE-4EC1-4B79-8C3B-F1DF36589123}.AppStore|iPhone.ActiveCfg = Release|Any CPU
		{316C3BAE-4EC1-4B79-8C3B-F1DF36589123}.AppStore|iPhone.Build.0 = Release|Any CPU
		{316C3BAE-4EC1-4B79-8C3B-F1DF36589123}.AppStore|iPhone.Deploy.0 = Release|Any CPU
		{316C3BAE-4EC1-4B79-8C3B-F1DF36589123}.AppStore|iPhoneSimulator.ActiveCfg = Release|Any CPU
		{316C3BAE-4EC1-4B79-8C3B-F1DF36589123}.AppStore|iPhoneSimulator.Build.0 = Release|Any CPU
		{316C3BAE-4EC1-4B79-8C3B-F1DF36589123}.AppStore|iPhoneSimulator.Deploy.0 = Release|Any CPU
		{316C3BAE-4EC1-4B79-8C3B-F1DF36589123}.AppStore|x64.ActiveCfg = Release|Any CPU
		{316C3BAE-4EC1-4B79-8C3B-F1DF36589123}.AppStore|x64.Build.0 = Release|Any CPU
		{316C3BAE-4EC1-4B79-8C3B-F1DF36589123}.AppStore|x64.Deploy.0 = Release|Any CPU
		{316C3BAE-4EC1-4B79-8C3B-F1DF36589123}.AppStore|x86.ActiveCfg = Release|Any CPU
		{316C3BAE-4EC1-4B79-8C3B-F1DF36589123}.AppStore|x86.Build.0 = Release|Any CPU
		{316C3BAE-4EC1-4B79-8C3B-F1DF36589123}.AppStore|x86.Deploy.0 = Release|Any CPU
		{316C3BAE-4EC1-4B79-8C3B-F1DF36589123}.Debug|Any CPU.ActiveCfg = Debug|Any CPU
		{316C3BAE-4EC1-4B79-8C3B-F1DF36589123}.Debug|Any CPU.Build.0 = Debug|Any CPU
		{316C3BAE-4EC1-4B79-8C3B-F1DF36589123}.Debug|Any CPU.Deploy.0 = Debug|Any CPU
		{316C3BAE-4EC1-4B79-8C3B-F1DF36589123}.Debug|ARM.ActiveCfg = Debug|Any CPU
		{316C3BAE-4EC1-4B79-8C3B-F1DF36589123}.Debug|ARM.Build.0 = Debug|Any CPU
		{316C3BAE-4EC1-4B79-8C3B-F1DF36589123}.Debug|ARM.Deploy.0 = Debug|Any CPU
		{316C3BAE-4EC1-4B79-8C3B-F1DF36589123}.Debug|iPhone.ActiveCfg = Debug|Any CPU
		{316C3BAE-4EC1-4B79-8C3B-F1DF36589123}.Debug|iPhone.Build.0 = Debug|Any CPU
		{316C3BAE-4EC1-4B79-8C3B-F1DF36589123}.Debug|iPhone.Deploy.0 = Debug|Any CPU
		{316C3BAE-4EC1-4B79-8C3B-F1DF36589123}.Debug|iPhoneSimulator.ActiveCfg = Debug|Any CPU
		{316C3BAE-4EC1-4B79-8C3B-F1DF36589123}.Debug|iPhoneSimulator.Build.0 = Debug|Any CPU
		{316C3BAE-4EC1-4B79-8C3B-F1DF36589123}.Debug|iPhoneSimulator.Deploy.0 = Debug|Any CPU
		{316C3BAE-4EC1-4B79-8C3B-F1DF36589123}.Debug|x64.ActiveCfg = Debug|Any CPU
		{316C3BAE-4EC1-4B79-8C3B-F1DF36589123}.Debug|x64.Build.0 = Debug|Any CPU
		{316C3BAE-4EC1-4B79-8C3B-F1DF36589123}.Debug|x64.Deploy.0 = Debug|Any CPU
		{316C3BAE-4EC1-4B79-8C3B-F1DF36589123}.Debug|x86.ActiveCfg = Debug|Any CPU
		{316C3BAE-4EC1-4B79-8C3B-F1DF36589123}.Debug|x86.Build.0 = Debug|Any CPU
		{316C3BAE-4EC1-4B79-8C3B-F1DF36589123}.Debug|x86.Deploy.0 = Debug|Any CPU
		{316C3BAE-4EC1-4B79-8C3B-F1DF36589123}.Release|Any CPU.ActiveCfg = Release|Any CPU
		{316C3BAE-4EC1-4B79-8C3B-F1DF36589123}.Release|Any CPU.Build.0 = Release|Any CPU
		{316C3BAE-4EC1-4B79-8C3B-F1DF36589123}.Release|Any CPU.Deploy.0 = Release|Any CPU
		{316C3BAE-4EC1-4B79-8C3B-F1DF36589123}.Release|ARM.ActiveCfg = Release|Any CPU
		{316C3BAE-4EC1-4B79-8C3B-F1DF36589123}.Release|ARM.Build.0 = Release|Any CPU
		{316C3BAE-4EC1-4B79-8C3B-F1DF36589123}.Release|ARM.Deploy.0 = Release|Any CPU
		{316C3BAE-4EC1-4B79-8C3B-F1DF36589123}.Release|iPhone.ActiveCfg = Release|Any CPU
		{316C3BAE-4EC1-4B79-8C3B-F1DF36589123}.Release|iPhone.Build.0 = Release|Any CPU
		{316C3BAE-4EC1-4B79-8C3B-F1DF36589123}.Release|iPhone.Deploy.0 = Release|Any CPU
		{316C3BAE-4EC1-4B79-8C3B-F1DF36589123}.Release|iPhoneSimulator.ActiveCfg = Release|Any CPU
		{316C3BAE-4EC1-4B79-8C3B-F1DF36589123}.Release|iPhoneSimulator.Build.0 = Release|Any CPU
		{316C3BAE-4EC1-4B79-8C3B-F1DF36589123}.Release|iPhoneSimulator.Deploy.0 = Release|Any CPU
		{316C3BAE-4EC1-4B79-8C3B-F1DF36589123}.Release|x64.ActiveCfg = Release|Any CPU
		{316C3BAE-4EC1-4B79-8C3B-F1DF36589123}.Release|x64.Build.0 = Release|Any CPU
		{316C3BAE-4EC1-4B79-8C3B-F1DF36589123}.Release|x64.Deploy.0 = Release|Any CPU
		{316C3BAE-4EC1-4B79-8C3B-F1DF36589123}.Release|x86.ActiveCfg = Release|Any CPU
		{316C3BAE-4EC1-4B79-8C3B-F1DF36589123}.Release|x86.Build.0 = Release|Any CPU
		{316C3BAE-4EC1-4B79-8C3B-F1DF36589123}.Release|x86.Deploy.0 = Release|Any CPU
		{316C3BAE-4EC1-4B79-8C3B-F1DF36589123}.Release-xml|Any CPU.ActiveCfg = Release|Any CPU
		{316C3BAE-4EC1-4B79-8C3B-F1DF36589123}.Release-xml|ARM.ActiveCfg = Release|Any CPU
		{316C3BAE-4EC1-4B79-8C3B-F1DF36589123}.Release-xml|iPhone.ActiveCfg = Release|Any CPU
		{316C3BAE-4EC1-4B79-8C3B-F1DF36589123}.Release-xml|iPhoneSimulator.ActiveCfg = Release|Any CPU
		{316C3BAE-4EC1-4B79-8C3B-F1DF36589123}.Release-xml|x64.ActiveCfg = Release|Any CPU
		{316C3BAE-4EC1-4B79-8C3B-F1DF36589123}.Release-xml|x86.ActiveCfg = Release|Any CPU
		{6BD0F92A-957F-48E8-90A7-F7FFBBEF9757}.Ad-Hoc|Any CPU.ActiveCfg = Ad-Hoc|iPhone
		{6BD0F92A-957F-48E8-90A7-F7FFBBEF9757}.Ad-Hoc|ARM.ActiveCfg = Ad-Hoc|iPhone
		{6BD0F92A-957F-48E8-90A7-F7FFBBEF9757}.Ad-Hoc|iPhone.ActiveCfg = Ad-Hoc|iPhone
		{6BD0F92A-957F-48E8-90A7-F7FFBBEF9757}.Ad-Hoc|iPhone.Build.0 = Ad-Hoc|iPhone
		{6BD0F92A-957F-48E8-90A7-F7FFBBEF9757}.Ad-Hoc|iPhoneSimulator.ActiveCfg = Ad-Hoc|iPhoneSimulator
		{6BD0F92A-957F-48E8-90A7-F7FFBBEF9757}.Ad-Hoc|iPhoneSimulator.Build.0 = Ad-Hoc|iPhoneSimulator
		{6BD0F92A-957F-48E8-90A7-F7FFBBEF9757}.Ad-Hoc|x64.ActiveCfg = Ad-Hoc|iPhone
		{6BD0F92A-957F-48E8-90A7-F7FFBBEF9757}.Ad-Hoc|x86.ActiveCfg = Ad-Hoc|iPhone
		{6BD0F92A-957F-48E8-90A7-F7FFBBEF9757}.AppStore|Any CPU.ActiveCfg = AppStore|iPhone
		{6BD0F92A-957F-48E8-90A7-F7FFBBEF9757}.AppStore|ARM.ActiveCfg = AppStore|iPhone
		{6BD0F92A-957F-48E8-90A7-F7FFBBEF9757}.AppStore|iPhone.ActiveCfg = AppStore|iPhone
		{6BD0F92A-957F-48E8-90A7-F7FFBBEF9757}.AppStore|iPhone.Build.0 = AppStore|iPhone
		{6BD0F92A-957F-48E8-90A7-F7FFBBEF9757}.AppStore|iPhoneSimulator.ActiveCfg = AppStore|iPhoneSimulator
		{6BD0F92A-957F-48E8-90A7-F7FFBBEF9757}.AppStore|iPhoneSimulator.Build.0 = AppStore|iPhoneSimulator
		{6BD0F92A-957F-48E8-90A7-F7FFBBEF9757}.AppStore|x64.ActiveCfg = AppStore|iPhone
		{6BD0F92A-957F-48E8-90A7-F7FFBBEF9757}.AppStore|x86.ActiveCfg = AppStore|iPhone
		{6BD0F92A-957F-48E8-90A7-F7FFBBEF9757}.Debug|Any CPU.ActiveCfg = Debug|iPhone
		{6BD0F92A-957F-48E8-90A7-F7FFBBEF9757}.Debug|ARM.ActiveCfg = Debug|iPhone
		{6BD0F92A-957F-48E8-90A7-F7FFBBEF9757}.Debug|iPhone.ActiveCfg = Debug|iPhone
		{6BD0F92A-957F-48E8-90A7-F7FFBBEF9757}.Debug|iPhone.Build.0 = Debug|iPhone
		{6BD0F92A-957F-48E8-90A7-F7FFBBEF9757}.Debug|iPhoneSimulator.ActiveCfg = Debug|iPhoneSimulator
		{6BD0F92A-957F-48E8-90A7-F7FFBBEF9757}.Debug|iPhoneSimulator.Build.0 = Debug|iPhoneSimulator
		{6BD0F92A-957F-48E8-90A7-F7FFBBEF9757}.Debug|x64.ActiveCfg = Debug|iPhone
		{6BD0F92A-957F-48E8-90A7-F7FFBBEF9757}.Debug|x86.ActiveCfg = Debug|iPhone
		{6BD0F92A-957F-48E8-90A7-F7FFBBEF9757}.Release|Any CPU.ActiveCfg = Release|iPhone
		{6BD0F92A-957F-48E8-90A7-F7FFBBEF9757}.Release|ARM.ActiveCfg = Release|iPhone
		{6BD0F92A-957F-48E8-90A7-F7FFBBEF9757}.Release|iPhone.ActiveCfg = Release|iPhone
		{6BD0F92A-957F-48E8-90A7-F7FFBBEF9757}.Release|iPhone.Build.0 = Release|iPhone
		{6BD0F92A-957F-48E8-90A7-F7FFBBEF9757}.Release|iPhoneSimulator.ActiveCfg = Release|iPhoneSimulator
		{6BD0F92A-957F-48E8-90A7-F7FFBBEF9757}.Release|iPhoneSimulator.Build.0 = Release|iPhoneSimulator
		{6BD0F92A-957F-48E8-90A7-F7FFBBEF9757}.Release|x64.ActiveCfg = Release|iPhone
		{6BD0F92A-957F-48E8-90A7-F7FFBBEF9757}.Release|x86.ActiveCfg = Release|iPhone
		{6BD0F92A-957F-48E8-90A7-F7FFBBEF9757}.Release-xml|Any CPU.ActiveCfg = Release|iPhoneSimulator
		{6BD0F92A-957F-48E8-90A7-F7FFBBEF9757}.Release-xml|ARM.ActiveCfg = Release|iPhoneSimulator
		{6BD0F92A-957F-48E8-90A7-F7FFBBEF9757}.Release-xml|iPhone.ActiveCfg = Release|iPhone
		{6BD0F92A-957F-48E8-90A7-F7FFBBEF9757}.Release-xml|iPhoneSimulator.ActiveCfg = Release|iPhoneSimulator
		{6BD0F92A-957F-48E8-90A7-F7FFBBEF9757}.Release-xml|x64.ActiveCfg = Release|iPhoneSimulator
		{6BD0F92A-957F-48E8-90A7-F7FFBBEF9757}.Release-xml|x86.ActiveCfg = Release|iPhoneSimulator
		{82E199E1-F9A1-4481-8C4C-97B111C72251}.Ad-Hoc|Any CPU.ActiveCfg = Release|x86
		{82E199E1-F9A1-4481-8C4C-97B111C72251}.Ad-Hoc|Any CPU.Build.0 = Release|x86
		{82E199E1-F9A1-4481-8C4C-97B111C72251}.Ad-Hoc|Any CPU.Deploy.0 = Release|x86
		{82E199E1-F9A1-4481-8C4C-97B111C72251}.Ad-Hoc|ARM.ActiveCfg = Release|ARM
		{82E199E1-F9A1-4481-8C4C-97B111C72251}.Ad-Hoc|ARM.Build.0 = Release|ARM
		{82E199E1-F9A1-4481-8C4C-97B111C72251}.Ad-Hoc|ARM.Deploy.0 = Release|ARM
		{82E199E1-F9A1-4481-8C4C-97B111C72251}.Ad-Hoc|iPhone.ActiveCfg = Release|x86
		{82E199E1-F9A1-4481-8C4C-97B111C72251}.Ad-Hoc|iPhone.Build.0 = Release|x86
		{82E199E1-F9A1-4481-8C4C-97B111C72251}.Ad-Hoc|iPhone.Deploy.0 = Release|x86
		{82E199E1-F9A1-4481-8C4C-97B111C72251}.Ad-Hoc|iPhoneSimulator.ActiveCfg = Release|x86
		{82E199E1-F9A1-4481-8C4C-97B111C72251}.Ad-Hoc|iPhoneSimulator.Build.0 = Release|x86
		{82E199E1-F9A1-4481-8C4C-97B111C72251}.Ad-Hoc|iPhoneSimulator.Deploy.0 = Release|x86
		{82E199E1-F9A1-4481-8C4C-97B111C72251}.Ad-Hoc|x64.ActiveCfg = Release|x64
		{82E199E1-F9A1-4481-8C4C-97B111C72251}.Ad-Hoc|x64.Build.0 = Release|x64
		{82E199E1-F9A1-4481-8C4C-97B111C72251}.Ad-Hoc|x64.Deploy.0 = Release|x64
		{82E199E1-F9A1-4481-8C4C-97B111C72251}.Ad-Hoc|x86.ActiveCfg = Release|x86
		{82E199E1-F9A1-4481-8C4C-97B111C72251}.Ad-Hoc|x86.Build.0 = Release|x86
		{82E199E1-F9A1-4481-8C4C-97B111C72251}.Ad-Hoc|x86.Deploy.0 = Release|x86
		{82E199E1-F9A1-4481-8C4C-97B111C72251}.AppStore|Any CPU.ActiveCfg = Release|x86
		{82E199E1-F9A1-4481-8C4C-97B111C72251}.AppStore|Any CPU.Build.0 = Release|x86
		{82E199E1-F9A1-4481-8C4C-97B111C72251}.AppStore|Any CPU.Deploy.0 = Release|x86
		{82E199E1-F9A1-4481-8C4C-97B111C72251}.AppStore|ARM.ActiveCfg = Release|ARM
		{82E199E1-F9A1-4481-8C4C-97B111C72251}.AppStore|ARM.Build.0 = Release|ARM
		{82E199E1-F9A1-4481-8C4C-97B111C72251}.AppStore|ARM.Deploy.0 = Release|ARM
		{82E199E1-F9A1-4481-8C4C-97B111C72251}.AppStore|iPhone.ActiveCfg = Release|x86
		{82E199E1-F9A1-4481-8C4C-97B111C72251}.AppStore|iPhone.Build.0 = Release|x86
		{82E199E1-F9A1-4481-8C4C-97B111C72251}.AppStore|iPhone.Deploy.0 = Release|x86
		{82E199E1-F9A1-4481-8C4C-97B111C72251}.AppStore|iPhoneSimulator.ActiveCfg = Release|x86
		{82E199E1-F9A1-4481-8C4C-97B111C72251}.AppStore|iPhoneSimulator.Build.0 = Release|x86
		{82E199E1-F9A1-4481-8C4C-97B111C72251}.AppStore|iPhoneSimulator.Deploy.0 = Release|x86
		{82E199E1-F9A1-4481-8C4C-97B111C72251}.AppStore|x64.ActiveCfg = Release|x64
		{82E199E1-F9A1-4481-8C4C-97B111C72251}.AppStore|x64.Build.0 = Release|x64
		{82E199E1-F9A1-4481-8C4C-97B111C72251}.AppStore|x64.Deploy.0 = Release|x64
		{82E199E1-F9A1-4481-8C4C-97B111C72251}.AppStore|x86.ActiveCfg = Release|x86
		{82E199E1-F9A1-4481-8C4C-97B111C72251}.AppStore|x86.Build.0 = Release|x86
		{82E199E1-F9A1-4481-8C4C-97B111C72251}.AppStore|x86.Deploy.0 = Release|x86
		{82E199E1-F9A1-4481-8C4C-97B111C72251}.Debug|Any CPU.ActiveCfg = Debug|x86
		{82E199E1-F9A1-4481-8C4C-97B111C72251}.Debug|Any CPU.Build.0 = Debug|x86
		{82E199E1-F9A1-4481-8C4C-97B111C72251}.Debug|Any CPU.Deploy.0 = Debug|x86
		{82E199E1-F9A1-4481-8C4C-97B111C72251}.Debug|ARM.ActiveCfg = Debug|ARM
		{82E199E1-F9A1-4481-8C4C-97B111C72251}.Debug|ARM.Build.0 = Debug|ARM
		{82E199E1-F9A1-4481-8C4C-97B111C72251}.Debug|ARM.Deploy.0 = Debug|ARM
		{82E199E1-F9A1-4481-8C4C-97B111C72251}.Debug|iPhone.ActiveCfg = Debug|x86
		{82E199E1-F9A1-4481-8C4C-97B111C72251}.Debug|iPhoneSimulator.ActiveCfg = Debug|x86
		{82E199E1-F9A1-4481-8C4C-97B111C72251}.Debug|x64.ActiveCfg = Debug|x64
		{82E199E1-F9A1-4481-8C4C-97B111C72251}.Debug|x64.Build.0 = Debug|x64
		{82E199E1-F9A1-4481-8C4C-97B111C72251}.Debug|x64.Deploy.0 = Debug|x64
		{82E199E1-F9A1-4481-8C4C-97B111C72251}.Debug|x86.ActiveCfg = Debug|x86
		{82E199E1-F9A1-4481-8C4C-97B111C72251}.Debug|x86.Build.0 = Debug|x86
		{82E199E1-F9A1-4481-8C4C-97B111C72251}.Debug|x86.Deploy.0 = Debug|x86
		{82E199E1-F9A1-4481-8C4C-97B111C72251}.Release|Any CPU.ActiveCfg = Release|x86
		{82E199E1-F9A1-4481-8C4C-97B111C72251}.Release|ARM.ActiveCfg = Release|ARM
		{82E199E1-F9A1-4481-8C4C-97B111C72251}.Release|ARM.Build.0 = Release|ARM
		{82E199E1-F9A1-4481-8C4C-97B111C72251}.Release|ARM.Deploy.0 = Release|ARM
		{82E199E1-F9A1-4481-8C4C-97B111C72251}.Release|iPhone.ActiveCfg = Release|x86
		{82E199E1-F9A1-4481-8C4C-97B111C72251}.Release|iPhoneSimulator.ActiveCfg = Release|x86
		{82E199E1-F9A1-4481-8C4C-97B111C72251}.Release|x64.ActiveCfg = Release|x64
		{82E199E1-F9A1-4481-8C4C-97B111C72251}.Release|x64.Build.0 = Release|x64
		{82E199E1-F9A1-4481-8C4C-97B111C72251}.Release|x64.Deploy.0 = Release|x64
		{82E199E1-F9A1-4481-8C4C-97B111C72251}.Release|x86.ActiveCfg = Release|x86
		{82E199E1-F9A1-4481-8C4C-97B111C72251}.Release|x86.Build.0 = Release|x86
		{82E199E1-F9A1-4481-8C4C-97B111C72251}.Release|x86.Deploy.0 = Release|x86
		{82E199E1-F9A1-4481-8C4C-97B111C72251}.Release-xml|Any CPU.ActiveCfg = Debug|x64
		{82E199E1-F9A1-4481-8C4C-97B111C72251}.Release-xml|Any CPU.Build.0 = Debug|x64
		{82E199E1-F9A1-4481-8C4C-97B111C72251}.Release-xml|Any CPU.Deploy.0 = Debug|x64
		{82E199E1-F9A1-4481-8C4C-97B111C72251}.Release-xml|ARM.ActiveCfg = Release|ARM
		{82E199E1-F9A1-4481-8C4C-97B111C72251}.Release-xml|ARM.Build.0 = Release|ARM
		{82E199E1-F9A1-4481-8C4C-97B111C72251}.Release-xml|ARM.Deploy.0 = Release|ARM
		{82E199E1-F9A1-4481-8C4C-97B111C72251}.Release-xml|iPhone.ActiveCfg = Debug|x64
		{82E199E1-F9A1-4481-8C4C-97B111C72251}.Release-xml|iPhone.Build.0 = Debug|x64
		{82E199E1-F9A1-4481-8C4C-97B111C72251}.Release-xml|iPhone.Deploy.0 = Debug|x64
		{82E199E1-F9A1-4481-8C4C-97B111C72251}.Release-xml|iPhoneSimulator.ActiveCfg = Debug|x64
		{82E199E1-F9A1-4481-8C4C-97B111C72251}.Release-xml|iPhoneSimulator.Build.0 = Debug|x64
		{82E199E1-F9A1-4481-8C4C-97B111C72251}.Release-xml|iPhoneSimulator.Deploy.0 = Debug|x64
		{82E199E1-F9A1-4481-8C4C-97B111C72251}.Release-xml|x64.ActiveCfg = Release|x64
		{82E199E1-F9A1-4481-8C4C-97B111C72251}.Release-xml|x64.Build.0 = Release|x64
		{82E199E1-F9A1-4481-8C4C-97B111C72251}.Release-xml|x64.Deploy.0 = Release|x64
		{82E199E1-F9A1-4481-8C4C-97B111C72251}.Release-xml|x86.ActiveCfg = Release|x86
		{82E199E1-F9A1-4481-8C4C-97B111C72251}.Release-xml|x86.Build.0 = Release|x86
		{82E199E1-F9A1-4481-8C4C-97B111C72251}.Release-xml|x86.Deploy.0 = Release|x86
	EndGlobalSection
	GlobalSection(SolutionProperties) = preSolution
		HideSolutionNode = FALSE
	EndGlobalSection
EndGlobal
